
Microsoft Visual Studio Solution File, Format Version 12.00
# Visual Studio Version 17
VisualStudioVersion = 17.5.002.0
MinimumVisualStudioVersion = 10.0.40219.1
Project("{9A19103F-16F7-4668-BE54-9A1E7A4F7556}") = "MauiApp1", "MauiApp1.csproj", "{34FADB79-5DA3-4BED-A0A0-564AA492591D}"
EndProject
Global
	GlobalSection(SolutionConfigurationPlatforms) = preSolution
		Debug|Any CPU = Debug|Any CPU
		Release|Any CPU = Release|Any CPU
	EndGlobalSection
	GlobalSection(ProjectConfigurationPlatforms) = postSolution
		{34FADB79-5DA3-4BED-A0A0-564AA492591D}.Debug|Any CPU.ActiveCfg = Debug|Any CPU
		{34FADB79-5DA3-4BED-A0A0-564AA492591D}.Debug|Any CPU.Build.0 = Debug|Any CPU
		{34FADB79-5DA3-4BED-A0A0-564AA492591D}.Release|Any CPU.ActiveCfg = Release|Any CPU
		{34FADB79-5DA3-4BED-A0A0-564AA492591D}.Release|Any CPU.Build.0 = Release|Any CPU
	EndGlobalSection
	GlobalSection(SolutionProperties) = preSolution
		HideSolutionNode = FALSE
	EndGlobalSection
	GlobalSection(ExtensibilityGlobals) = postSolution
		SolutionGuid = {EEF13CFE-559C-4280-A8DC-CEBB6013DCD5}
	EndGlobalSection
EndGlobal
